
Microsoft Visual Studio Solution File, Format Version 12.00
# Visual Studio Version 16
VisualStudioVersion = 16.0.30406.217
MinimumVisualStudioVersion = 10.0.40219.1
Project("{FAE04EC0-301F-11D3-BF4B-00C04F79EFBC}") = "Practincado", "Practincado.csproj", "{3D441945-E132-40C6-979B-BC69147977D4}"
EndProject
Project("{FAE04EC0-301F-11D3-BF4B-00C04F79EFBC}") = "Practicando.Test", "..\Practicando.Test\Practicando.Test.csproj", "{BD197E50-4BFB-44F7-B1DF-1ADEF1DF2500}"
EndProject
Global
	GlobalSection(SolutionConfigurationPlatforms) = preSolution
		Debug|Any CPU = Debug|Any CPU
		Release|Any CPU = Release|Any CPU
	EndGlobalSection
	GlobalSection(ProjectConfigurationPlatforms) = postSolution
		{3D441945-E132-40C6-979B-BC69147977D4}.Debug|Any CPU.ActiveCfg = Debug|Any CPU
		{3D441945-E132-40C6-979B-BC69147977D4}.Debug|Any CPU.Build.0 = Debug|Any CPU
		{3D441945-E132-40C6-979B-BC69147977D4}.Release|Any CPU.ActiveCfg = Release|Any CPU
		{3D441945-E132-40C6-979B-BC69147977D4}.Release|Any CPU.Build.0 = Release|Any CPU
		{BD197E50-4BFB-44F7-B1DF-1ADEF1DF2500}.Debug|Any CPU.ActiveCfg = Debug|Any CPU
		{BD197E50-4BFB-44F7-B1DF-1ADEF1DF2500}.Debug|Any CPU.Build.0 = Debug|Any CPU
		{BD197E50-4BFB-44F7-B1DF-1ADEF1DF2500}.Release|Any CPU.ActiveCfg = Release|Any CPU
		{BD197E50-4BFB-44F7-B1DF-1ADEF1DF2500}.Release|Any CPU.Build.0 = Release|Any CPU
	EndGlobalSection
	GlobalSection(SolutionProperties) = preSolution
		HideSolutionNode = FALSE
	EndGlobalSection
	GlobalSection(ExtensibilityGlobals) = postSolution
		SolutionGuid = {AEADA4C1-E757-42C1-AC52-A302F70FA4C3}
	EndGlobalSection
EndGlobal
